
Microsoft Visual Studio Solution File, Format Version 12.00
# Visual Studio 2013
VisualStudioVersion = 12.0.30324.0
MinimumVisualStudioVersion = 10.0.40219.1
Project("{2150E333-8FDC-42A3-9474-1A3956D46DE8}") = "Solution Items", "Solution Items", "{D165EB5E-E7A9-4323-834C-1D525ECF262A}"
	ProjectSection(SolutionItems) = preProject
		SolutionItems\CustomDictionary.xml = SolutionItems\CustomDictionary.xml
		SolutionItems\CustomDictionary.xsd = SolutionItems\CustomDictionary.xsd
		SolutionItems\Levaro.ruleset = SolutionItems\Levaro.ruleset
		Readme.md = Readme.md
	EndProjectSection
EndProject
Project("{2150E333-8FDC-42A3-9474-1A3956D46DE8}") = "Source", "Source", "{50EE4053-E18E-4DA3-A51B-CD58E1364861}"
EndProject
Project("{2150E333-8FDC-42A3-9474-1A3956D46DE8}") = "Tests", "Tests", "{908BDFFE-8105-4E6A-B9B8-88118EFF739B}"
EndProject
Project("{FAE04EC0-301F-11D3-BF4B-00C04F79EFBC}") = "Levaro.Roslyn", "Source\Levaro.Roslyn\Levaro.Roslyn.csproj", "{571B4481-2E8E-434A-BBFF-B6952ACF3A0C}"
EndProject
Global
	GlobalSection(SolutionConfigurationPlatforms) = preSolution
		Debug|Any CPU = Debug|Any CPU
		Release|Any CPU = Release|Any CPU
	EndGlobalSection
	GlobalSection(ProjectConfigurationPlatforms) = postSolution
		{571B4481-2E8E-434A-BBFF-B6952ACF3A0C}.Debug|Any CPU.ActiveCfg = Debug|Any CPU
		{571B4481-2E8E-434A-BBFF-B6952ACF3A0C}.Debug|Any CPU.Build.0 = Debug|Any CPU
		{571B4481-2E8E-434A-BBFF-B6952ACF3A0C}.Release|Any CPU.ActiveCfg = Release|Any CPU
		{571B4481-2E8E-434A-BBFF-B6952ACF3A0C}.Release|Any CPU.Build.0 = Release|Any CPU
	EndGlobalSection
	GlobalSection(SolutionProperties) = preSolution
		HideSolutionNode = FALSE
	EndGlobalSection
	GlobalSection(NestedProjects) = preSolution
		{571B4481-2E8E-434A-BBFF-B6952ACF3A0C} = {50EE4053-E18E-4DA3-A51B-CD58E1364861}
	EndGlobalSection
EndGlobal
